
Microsoft Visual Studio Solution File, Format Version 12.00
# Visual Studio Version 16
VisualStudioVersion = 16.0.31702.278
MinimumVisualStudioVersion = 10.0.40219.1
Project("{FAE04EC0-301F-11D3-BF4B-00C04F79EFBC}") = "Bloc2SlamProj1", "Bloc2SlamProj1\Bloc2SlamProj1.csproj", "{EFA6160F-4D8B-4EDA-9C5B-358D2E1FA740}"
EndProject
Global
	GlobalSection(SolutionConfigurationPlatforms) = preSolution
		Debug|Any CPU = Debug|Any CPU
		Release|Any CPU = Release|Any CPU
	EndGlobalSection
	GlobalSection(ProjectConfigurationPlatforms) = postSolution
		{EFA6160F-4D8B-4EDA-9C5B-358D2E1FA740}.Debug|Any CPU.ActiveCfg = Debug|Any CPU
		{EFA6160F-4D8B-4EDA-9C5B-358D2E1FA740}.Debug|Any CPU.Build.0 = Debug|Any CPU
		{EFA6160F-4D8B-4EDA-9C5B-358D2E1FA740}.Release|Any CPU.ActiveCfg = Release|Any CPU
		{EFA6160F-4D8B-4EDA-9C5B-358D2E1FA740}.Release|Any CPU.Build.0 = Release|Any CPU
	EndGlobalSection
	GlobalSection(SolutionProperties) = preSolution
		HideSolutionNode = FALSE
	EndGlobalSection
	GlobalSection(ExtensibilityGlobals) = postSolution
		SolutionGuid = {FE066E0D-32CD-48BD-8519-CDE2C943EEDB}
	EndGlobalSection
EndGlobal
